
Microsoft Visual Studio Solution File, Format Version 12.00
# Visual Studio 2013
VisualStudioVersion = 12.0.30723.0
MinimumVisualStudioVersion = 10.0.40219.1
Project("{8BC9CEB8-8B4A-11D0-8D11-00A0C91BC942}") = "Algorithms", "Algorithms\Algorithms.vcxproj", "{E9EFE4CD-1880-43F5-9814-6861869E48E1}"
EndProject
Project("{8BC9CEB8-8B4A-11D0-8D11-00A0C91BC942}") = "Algorithms.Runner", "Runner\Algorithms.Runner.vcxproj", "{ADFE057D-5122-428B-9783-090DF47E3435}"
	ProjectSection(ProjectDependencies) = postProject
		{E9EFE4CD-1880-43F5-9814-6861869E48E1} = {E9EFE4CD-1880-43F5-9814-6861869E48E1}
	EndProjectSection
EndProject
Global
	GlobalSection(SolutionConfigurationPlatforms) = preSolution
		Debug|Win32 = Debug|Win32
		Release|Win32 = Release|Win32
	EndGlobalSection
	GlobalSection(ProjectConfigurationPlatforms) = postSolution
		{E9EFE4CD-1880-43F5-9814-6861869E48E1}.Debug|Win32.ActiveCfg = Debug|Win32
		{E9EFE4CD-1880-43F5-9814-6861869E48E1}.Debug|Win32.Build.0 = Debug|Win32
		{E9EFE4CD-1880-43F5-9814-6861869E48E1}.Release|Win32.ActiveCfg = Release|Win32
		{E9EFE4CD-1880-43F5-9814-6861869E48E1}.Release|Win32.Build.0 = Release|Win32
		{ADFE057D-5122-428B-9783-090DF47E3435}.Debug|Win32.ActiveCfg = Debug|Win32
		{ADFE057D-5122-428B-9783-090DF47E3435}.Debug|Win32.Build.0 = Debug|Win32
		{ADFE057D-5122-428B-9783-090DF47E3435}.Release|Win32.ActiveCfg = Release|Win32
		{ADFE057D-5122-428B-9783-090DF47E3435}.Release|Win32.Build.0 = Release|Win32
	EndGlobalSection
	GlobalSection(SolutionProperties) = preSolution
		HideSolutionNode = FALSE
	EndGlobalSection
EndGlobal
